
Microsoft Visual Studio Solution File, Format Version 12.00
# Visual Studio Version 16
VisualStudioVersion = 25.0.1705.5
MinimumVisualStudioVersion = 10.0.40219.1
Project("{FAE04EC0-301F-11D3-BF4B-00C04F79EFBC}") = "RaceGame", "RaceGame.csproj", "{8A221600-B12B-4593-8678-01247D9303C0}"
EndProject
Global
	GlobalSection(SolutionConfigurationPlatforms) = preSolution
		Debug|Any CPU = Debug|Any CPU
		Release|Any CPU = Release|Any CPU
	EndGlobalSection
	GlobalSection(ProjectConfigurationPlatforms) = postSolution
		{8A221600-B12B-4593-8678-01247D9303C0}.Debug|Any CPU.ActiveCfg = Debug|Any CPU
		{8A221600-B12B-4593-8678-01247D9303C0}.Debug|Any CPU.Build.0 = Debug|Any CPU
		{8A221600-B12B-4593-8678-01247D9303C0}.Release|Any CPU.ActiveCfg = Release|Any CPU
		{8A221600-B12B-4593-8678-01247D9303C0}.Release|Any CPU.Build.0 = Release|Any CPU
	EndGlobalSection
	GlobalSection(SolutionProperties) = preSolution
		HideSolutionNode = FALSE
	EndGlobalSection
	GlobalSection(ExtensibilityGlobals) = postSolution
		SolutionGuid = {0B6D46B5-AE55-49D9-B4A3-89D6F61F03AF}
	EndGlobalSection
EndGlobal
